// !$*UTF8*$!
{
	archiveVersion = 1;
	classes = {
	};
	objectVersion = 46;
	objects = {

/* Begin PBXBuildFile section */
		28D188611E9DC478002E23CE /* Main.storyboard in Resources */ = {isa = PBXBuildFile; fileRef = 28D188601E9DC478002E23CE /* Main.storyboard */; };
		28FE050F1E9F09F40034F938 /* IngredientDetailViewController.swift in Sources */ = {isa = PBXBuildFile; fileRef = 28FE050E1E9F09F40034F938 /* IngredientDetailViewController.swift */; };
		3F551B261E9C358200BD304A /* TableViewCell_Ingredient1.swift in Sources */ = {isa = PBXBuildFile; fileRef = 3F551B241E9C358200BD304A /* TableViewCell_Ingredient1.swift */; };
		3F551B271E9C358200BD304A /* TableViewCell_Ingredient1.xib in Resources */ = {isa = PBXBuildFile; fileRef = 3F551B251E9C358200BD304A /* TableViewCell_Ingredient1.xib */; };
		3F91A6D21E9856BA008FFBE8 /* AppDelegate.swift in Sources */ = {isa = PBXBuildFile; fileRef = 3F91A6D11E9856BA008FFBE8 /* AppDelegate.swift */; };
		3F91A6D41E9856BA008FFBE8 /* ViewController.swift in Sources */ = {isa = PBXBuildFile; fileRef = 3F91A6D31E9856BA008FFBE8 /* ViewController.swift */; };
		3F91A6D91E9856BA008FFBE8 /* Assets.xcassets in Resources */ = {isa = PBXBuildFile; fileRef = 3F91A6D81E9856BA008FFBE8 /* Assets.xcassets */; };
		3F91A6DC1E9856BA008FFBE8 /* LaunchScreen.storyboard in Resources */ = {isa = PBXBuildFile; fileRef = 3F91A6DA1E9856BA008FFBE8 /* LaunchScreen.storyboard */; };
		ED5F9D9F1EC7B6C700FA4B1F /* CollectionViewController.swift in Sources */ = {isa = PBXBuildFile; fileRef = ED5F9D9E1EC7B6C700FA4B1F /* CollectionViewController.swift */; };
		ED5F9DC51EC7C1DE00FA4B1F /* CollectionViewCell.swift in Sources */ = {isa = PBXBuildFile; fileRef = ED5F9DC41EC7C1DE00FA4B1F /* CollectionViewCell.swift */; };
/* End PBXBuildFile section */

/* Begin PBXContainerItemProxy section */
		3F91A6E31E9856BA008FFBE8 /* PBXContainerItemProxy */ = {
			isa = PBXContainerItemProxy;
			containerPortal = 3F91A6C61E9856BA008FFBE8 /* Project object */;
			proxyType = 1;
			remoteGlobalIDString = 3F91A6CD1E9856BA008FFBE8;
			remoteInfo = MyJuice_HS;
		};
/* End PBXContainerItemProxy section */

/* Begin PBXFileReference section */
		28D188601E9DC478002E23CE /* Main.storyboard */ = {isa = PBXFileReference; fileEncoding = 4; lastKnownFileType = file.storyboard; path = Main.storyboard; sourceTree = "<group>"; };
		28FE050E1E9F09F40034F938 /* IngredientDetailViewController.swift */ = {isa = PBXFileReference; fileEncoding = 4; lastKnownFileType = sourcecode.swift; path = IngredientDetailViewController.swift; sourceTree = "<group>"; };
		3F551B241E9C358200BD304A /* TableViewCell_Ingredient1.swift */ = {isa = PBXFileReference; fileEncoding = 4; lastKnownFileType = sourcecode.swift; path = TableViewCell_Ingredient1.swift; sourceTree = "<group>"; };
		3F551B251E9C358200BD304A /* TableViewCell_Ingredient1.xib */ = {isa = PBXFileReference; fileEncoding = 4; lastKnownFileType = file.xib; path = TableViewCell_Ingredient1.xib; sourceTree = "<group>"; };
		3F91A6CE1E9856BA008FFBE8 /* MyJuice_HS.app */ = {isa = PBXFileReference; explicitFileType = wrapper.application; includeInIndex = 0; path = MyJuice_HS.app; sourceTree = BUILT_PRODUCTS_DIR; };
		3F91A6D11E9856BA008FFBE8 /* AppDelegate.swift */ = {isa = PBXFileReference; lastKnownFileType = sourcecode.swift; path = AppDelegate.swift; sourceTree = "<group>"; };
		3F91A6D31E9856BA008FFBE8 /* ViewController.swift */ = {isa = PBXFileReference; lastKnownFileType = sourcecode.swift; path = ViewController.swift; sourceTree = "<group>"; };
		3F91A6D81E9856BA008FFBE8 /* Assets.xcassets */ = {isa = PBXFileReference; lastKnownFileType = folder.assetcatalog; path = Assets.xcassets; sourceTree = "<group>"; };
		3F91A6DB1E9856BA008FFBE8 /* Base */ = {isa = PBXFileReference; lastKnownFileType = file.storyboard; name = Base; path = Base.lproj/LaunchScreen.storyboard; sourceTree = "<group>"; };
		3F91A6DD1E9856BA008FFBE8 /* Info.plist */ = {isa = PBXFileReference; lastKnownFileType = text.plist.xml; path = Info.plist; sourceTree = "<group>"; };
		3F91A6E21E9856BA008FFBE8 /* MyJuice_HSTests.xctest */ = {isa = PBXFileReference; explicitFileType = wrapper.cfbundle; includeInIndex = 0; path = MyJuice_HSTests.xctest; sourceTree = BUILT_PRODUCTS_DIR; };
		3F91A6E81E9856BA008FFBE8 /* Info.plist */ = {isa = PBXFileReference; lastKnownFileType = text.plist.xml; path = Info.plist; sourceTree = "<group>"; };
		ED5F9D9E1EC7B6C700FA4B1F /* CollectionViewController.swift */ = {isa = PBXFileReference; fileEncoding = 4; lastKnownFileType = sourcecode.swift; path = CollectionViewController.swift; sourceTree = "<group>"; };
		ED5F9DC41EC7C1DE00FA4B1F /* CollectionViewCell.swift */ = {isa = PBXFileReference; fileEncoding = 4; lastKnownFileType = sourcecode.swift; path = CollectionViewCell.swift; sourceTree = "<group>"; };
/* End PBXFileReference section */

/* Begin PBXFrameworksBuildPhase section */
		3F91A6CB1E9856BA008FFBE8 /* Frameworks */ = {
			isa = PBXFrameworksBuildPhase;
			buildActionMask = 2147483647;
			files = (
			);
			runOnlyForDeploymentPostprocessing = 0;
		};
		3F91A6DF1E9856BA008FFBE8 /* Frameworks */ = {
			isa = PBXFrameworksBuildPhase;
			buildActionMask = 2147483647;
			files = (
			);
			runOnlyForDeploymentPostprocessing = 0;
		};
/* End PBXFrameworksBuildPhase section */

/* Begin PBXGroup section */
		3F91A6C51E9856BA008FFBE8 = {
			isa = PBXGroup;
			children = (
				3F91A6D01E9856BA008FFBE8 /* MyJuice_HS */,
				3F91A6E51E9856BA008FFBE8 /* MyJuice_HSTests */,
				3F91A6CF1E9856BA008FFBE8 /* Products */,
			);
			sourceTree = "<group>";
		};
		3F91A6CF1E9856BA008FFBE8 /* Products */ = {
			isa = PBXGroup;
			children = (
				3F91A6CE1E9856BA008FFBE8 /* MyJuice_HS.app */,
				3F91A6E21E9856BA008FFBE8 /* MyJuice_HSTests.xctest */,
			);
			name = Products;
			sourceTree = "<group>";
		};
		3F91A6D01E9856BA008FFBE8 /* MyJuice_HS */ = {
			isa = PBXGroup;
			children = (
				3F91A6D11E9856BA008FFBE8 /* AppDelegate.swift */,
				3F91A6D31E9856BA008FFBE8 /* ViewController.swift */,
				28FE050E1E9F09F40034F938 /* IngredientDetailViewController.swift */,
				3F551B241E9C358200BD304A /* TableViewCell_Ingredient1.swift */,
				3F551B251E9C358200BD304A /* TableViewCell_Ingredient1.xib */,
				ED5F9D9E1EC7B6C700FA4B1F /* CollectionViewController.swift */,
				ED5F9DC41EC7C1DE00FA4B1F /* CollectionViewCell.swift */,
				28D188601E9DC478002E23CE /* Main.storyboard */,
				3F91A6D81E9856BA008FFBE8 /* Assets.xcassets */,
				3F91A6DA1E9856BA008FFBE8 /* LaunchScreen.storyboard */,
				3F91A6DD1E9856BA008FFBE8 /* Info.plist */,
			);
			path = MyJuice_HS;
			sourceTree = "<group>";
		};
		3F91A6E51E9856BA008FFBE8 /* MyJuice_HSTests */ = {
			isa = PBXGroup;
			children = (
				3F91A6E81E9856BA008FFBE8 /* Info.plist */,
			);
			path = MyJuice_HSTests;
			sourceTree = "<group>";
		};
/* End PBXGroup section */

/* Begin PBXNativeTarget section */
		3F91A6CD1E9856BA008FFBE8 /* MyJuice_HS */ = {
			isa = PBXNativeTarget;
			buildConfigurationList = 3F91A6EB1E9856BA008FFBE8 /* Build configuration list for PBXNativeTarget "MyJuice_HS" */;
			buildPhases = (
				3F91A6CA1E9856BA008FFBE8 /* Sources */,
				3F91A6CB1E9856BA008FFBE8 /* Frameworks */,
				3F91A6CC1E9856BA008FFBE8 /* Resources */,
			);
			buildRules = (
			);
			dependencies = (
			);
			name = MyJuice_HS;
			productName = MyJuice_HS;
			productReference = 3F91A6CE1E9856BA008FFBE8 /* MyJuice_HS.app */;
			productType = "com.apple.product-type.application";
		};
		3F91A6E11E9856BA008FFBE8 /* MyJuice_HSTests */ = {
			isa = PBXNativeTarget;
			buildConfigurationList = 3F91A6EE1E9856BA008FFBE8 /* Build configuration list for PBXNativeTarget "MyJuice_HSTests" */;
			buildPhases = (
				3F91A6DE1E9856BA008FFBE8 /* Sources */,
				3F91A6DF1E9856BA008FFBE8 /* Frameworks */,
				3F91A6E01E9856BA008FFBE8 /* Resources */,
			);
			buildRules = (
			);
			dependencies = (
				3F91A6E41E9856BA008FFBE8 /* PBXTargetDependency */,
			);
			name = MyJuice_HSTests;
			productName = MyJuice_HSTests;
			productReference = 3F91A6E21E9856BA008FFBE8 /* MyJuice_HSTests.xctest */;
			productType = "com.apple.product-type.bundle.unit-test";
		};
/* End PBXNativeTarget section */

/* Begin PBXProject section */
		3F91A6C61E9856BA008FFBE8 /* Project object */ = {
			isa = PBXProject;
			attributes = {
				LastSwiftUpdateCheck = 0800;
				LastUpgradeCheck = 0820;
				ORGANIZATIONNAME = student;
				TargetAttributes = {
					3F91A6CD1E9856BA008FFBE8 = {
						CreatedOnToolsVersion = 8.0;
						ProvisioningStyle = Automatic;
					};
					3F91A6E11E9856BA008FFBE8 = {
						CreatedOnToolsVersion = 8.0;
						ProvisioningStyle = Automatic;
						TestTargetID = 3F91A6CD1E9856BA008FFBE8;
					};
				};
			};
			buildConfigurationList = 3F91A6C91E9856BA008FFBE8 /* Build configuration list for PBXProject "MyJuice_HS" */;
			compatibilityVersion = "Xcode 3.2";
			developmentRegion = English;
			hasScannedForEncodings = 0;
			knownRegions = (
				en,
				Base,
			);
			mainGroup = 3F91A6C51E9856BA008FFBE8;
			productRefGroup = 3F91A6CF1E9856BA008FFBE8 /* Products */;
			projectDirPath = "";
			projectRoot = "";
			targets = (
				3F91A6CD1E9856BA008FFBE8 /* MyJuice_HS */,
				3F91A6E11E9856BA008FFBE8 /* MyJuice_HSTests */,
			);
		};
/* End PBXProject section */

/* Begin PBXResourcesBuildPhase section */
		3F91A6CC1E9856BA008FFBE8 /* Resources */ = {
			isa = PBXResourcesBuildPhase;
			buildActionMask = 2147483647;
			files = (
				3F91A6DC1E9856BA008FFBE8 /* LaunchScreen.storyboard in Resources */,
				3F91A6D91E9856BA008FFBE8 /* Assets.xcassets in Resources */,
				3F551B271E9C358200BD304A /* TableViewCell_Ingredient1.xib in Resources */,
				28D188611E9DC478002E23CE /* Main.storyboard in Resources */,
			);
			runOnlyForDeploymentPostprocessing = 0;
		};
		3F91A6E01E9856BA008FFBE8 /* Resources */ = {
			isa = PBXResourcesBuildPhase;
			buildActionMask = 2147483647;
			files = (
			);
			runOnlyForDeploymentPostprocessing = 0;
		};
/* End PBXResourcesBuildPhase section */

/* Begin PBXSourcesBuildPhase section */
		3F91A6CA1E9856BA008FFBE8 /* Sources */ = {
			isa = PBXSourcesBuildPhase;
			buildActionMask = 2147483647;
			files = (
				3F91A6D41E9856BA008FFBE8 /* ViewController.swift in Sources */,
				ED5F9D9F1EC7B6C700FA4B1F /* CollectionViewController.swift in Sources */,
				3F551B261E9C358200BD304A /* TableViewCell_Ingredient1.swift in Sources */,
				28FE050F1E9F09F40034F938 /* IngredientDetailViewController.swift in Sources */,
				ED5F9DC51EC7C1DE00FA4B1F /* CollectionViewCell.swift in Sources */,
				3F91A6D21E9856BA008FFBE8 /* AppDelegate.swift in Sources */,
			);
			runOnlyForDeploymentPostprocessing = 0;
		};
		3F91A6DE1E9856BA008FFBE8 /* Sources */ = {
			isa = PBXSourcesBuildPhase;
			buildActionMask = 2147483647;
			files = (
			);
			runOnlyForDeploymentPostprocessing = 0;
		};
/* End PBXSourcesBuildPhase section */

/* Begin PBXTargetDependency section */
		3F91A6E41E9856BA008FFBE8 /* PBXTargetDependency */ = {
			isa = PBXTargetDependency;
			target = 3F91A6CD1E9856BA008FFBE8 /* MyJuice_HS */;
			targetProxy = 3F91A6E31E9856BA008FFBE8 /* PBXContainerItemProxy */;
		};
/* End PBXTargetDependency section */

/* Begin PBXVariantGroup section */
		3F91A6DA1E9856BA008FFBE8 /* LaunchScreen.storyboard */ = {
			isa = PBXVariantGroup;
			children = (
				3F91A6DB1E9856BA008FFBE8 /* Base */,
			);
			name = LaunchScreen.storyboard;
			sourceTree = "<group>";
		};
/* End PBXVariantGroup section */

/* Begin XCBuildConfiguration section */
		3F91A6E91E9856BA008FFBE8 /* Debug */ = {
			isa = XCBuildConfiguration;
			buildSettings = {
				ALWAYS_SEARCH_USER_PATHS = NO;
				CLANG_ANALYZER_NONNULL = YES;
				CLANG_CXX_LANGUAGE_STANDARD = "gnu++0x";
				CLANG_CXX_LIBRARY = "libc++";
				CLANG_ENABLE_MODULES = YES;
				CLANG_ENABLE_OBJC_ARC = YES;
				CLANG_WARN_BOOL_CONVERSION = YES;
				CLANG_WARN_CONSTANT_CONVERSION = YES;
				CLANG_WARN_DIRECT_OBJC_ISA_USAGE = YES_ERROR;
				CLANG_WARN_DOCUMENTATION_COMMENTS = YES;
				CLANG_WARN_EMPTY_BODY = YES;
				CLANG_WARN_ENUM_CONVERSION = YES;
				CLANG_WARN_INFINITE_RECURSION = YES;
				CLANG_WARN_INT_CONVERSION = YES;
				CLANG_WARN_OBJC_ROOT_CLASS = YES_ERROR;
				CLANG_WARN_SUSPICIOUS_MOVE = YES;
				CLANG_WARN_SUSPICIOUS_MOVES = YES;
				CLANG_WARN_UNREACHABLE_CODE = YES;
				CLANG_WARN__DUPLICATE_METHOD_MATCH = YES;
				"CODE_SIGN_IDENTITY[sdk=iphoneos*]" = "iPhone Developer";
				COPY_PHASE_STRIP = NO;
				DEBUG_INFORMATION_FORMAT = dwarf;
				ENABLE_STRICT_OBJC_MSGSEND = YES;
				ENABLE_TESTABILITY = YES;
				GCC_C_LANGUAGE_STANDARD = gnu99;
				GCC_DYNAMIC_NO_PIC = NO;
				GCC_NO_COMMON_BLOCKS = YES;
				GCC_OPTIMIZATION_LEVEL = 0;
				GCC_PREPROCESSOR_DEFINITIONS = (
					"DEBUG=1",
					"$(inherited)",
				);
				GCC_WARN_64_TO_32_BIT_CONVERSION = YES;
				GCC_WARN_ABOUT_RETURN_TYPE = YES_ERROR;
				GCC_WARN_UNDECLARED_SELECTOR = YES;
				GCC_WARN_UNINITIALIZED_AUTOS = YES_AGGRESSIVE;
				GCC_WARN_UNUSED_FUNCTION = YES;
				GCC_WARN_UNUSED_VARIABLE = YES;
				IPHONEOS_DEPLOYMENT_TARGET = 10.0;
				MTL_ENABLE_DEBUG_INFO = YES;
				ONLY_ACTIVE_ARCH = YES;
				SDKROOT = iphoneos;
				SWIFT_ACTIVE_COMPILATION_CONDITIONS = DEBUG;
				SWIFT_OPTIMIZATION_LEVEL = "-Onone";
				TARGETED_DEVICE_FAMILY = "1,2";
			};
			name = Debug;
		};
		3F91A6EA1E9856BA008FFBE8 /* Release */ = {
			isa = XCBuildConfiguration;
			buildSettings = {
				ALWAYS_SEARCH_USER_PATHS = NO;
				CLANG_ANALYZER_NONNULL = YES;
				CLANG_CXX_LANGUAGE_STANDARD = "gnu++0x";
				CLANG_CXX_LIBRARY = "libc++";
				CLANG_ENABLE_MODULES = YES;
				CLANG_ENABLE_OBJC_ARC = YES;
				CLANG_WARN_BOOL_CONVERSION = YES;
				CLANG_WARN_CONSTANT_CONVERSION = YES;
				CLANG_WARN_DIRECT_OBJC_ISA_USAGE = YES_ERROR;
				CLANG_WARN_DOCUMENTATION_COMMENTS = YES;
				CLANG_WARN_EMPTY_BODY = YES;
				CLANG_WARN_ENUM_CONVERSION = YES;
				CLANG_WARN_INFINITE_RECURSION = YES;
				CLANG_WARN_INT_CONVERSION = YES;
				CLANG_WARN_OBJC_ROOT_CLASS = YES_ERROR;
				CLANG_WARN_SUSPICIOUS_MOVE = YES;
				CLANG_WARN_SUSPICIOUS_MOVES = YES;
				CLANG_WARN_UNREACHABLE_CODE = YES;
				CLANG_WARN__DUPLICATE_METHOD_MATCH = YES;
				"CODE_SIGN_IDENTITY[sdk=iphoneos*]" = "iPhone Developer";
				COPY_PHASE_STRIP = NO;
				DEBUG_INFORMATION_FORMAT = "dwarf-with-dsym";
				ENABLE_NS_ASSERTIONS = NO;
				ENABLE_STRICT_OBJC_MSGSEND = YES;
				GCC_C_LANGUAGE_STANDARD = gnu99;
				GCC_NO_COMMON_BLOCKS = YES;
				GCC_WARN_64_TO_32_BIT_CONVERSION = YES;
				GCC_WARN_ABOUT_RETURN_TYPE = YES_ERROR;
				GCC_WARN_UNDECLARED_SELECTOR = YES;
				GCC_WARN_UNINITIALIZED_AUTOS = YES_AGGRESSIVE;
				GCC_WARN_UNUSED_FUNCTION = YES;
				GCC_WARN_UNUSED_VARIABLE = YES;
				IPHONEOS_DEPLOYMENT_TARGET = 10.0;
				MTL_ENABLE_DEBUG_INFO = NO;
				SDKROOT = iphoneos;
				SWIFT_OPTIMIZATION_LEVEL = "-Owholemodule";
				TARGETED_DEVICE_FAMILY = "1,2";
				VALIDATE_PRODUCT = YES;
			};
			name = Release;
		};
		3F91A6EC1E9856BA008FFBE8 /* Debug */ = {
			isa = XCBuildConfiguration;
			buildSettings = {
				ASSETCATALOG_COMPILER_APPICON_NAME = AppIcon;
				INFOPLIST_FILE = MyJuice_HS/Info.plist;
				LD_RUNPATH_SEARCH_PATHS = "$(inherited) @executable_path/Frameworks";
				PRODUCT_BUNDLE_IDENTIFIER = "hannah.MyJuice-HS";
				PRODUCT_NAME = "$(TARGET_NAME)";
				SWIFT_VERSION = 3.0;
			};
			name = Debug;
		};
		3F91A6ED1E9856BA008FFBE8 /* Release */ = {
			isa = XCBuildConfiguration;
			buildSettings = {
				ASSETCATALOG_COMPILER_APPICON_NAME = AppIcon;
				INFOPLIST_FILE = MyJuice_HS/Info.plist;
				LD_RUNPATH_SEARCH_PATHS = "$(inherited) @executable_path/Frameworks";
				PRODUCT_BUNDLE_IDENTIFIER = "hannah.MyJuice-HS";
				PRODUCT_NAME = "$(TARGET_NAME)";
				SWIFT_VERSION = 3.0;
			};
			name = Release;
		};
		3F91A6EF1E9856BA008FFBE8 /* Debug */ = {
			isa = XCBuildConfiguration;
			buildSettings = {
				ALWAYS_EMBED_SWIFT_STANDARD_LIBRARIES = YES;
				BUNDLE_LOADER = "$(TEST_HOST)";
				INFOPLIST_FILE = MyJuice_HSTests/Info.plist;
				LD_RUNPATH_SEARCH_PATHS = "$(inherited) @executable_path/Frameworks @loader_path/Frameworks";
				PRODUCT_BUNDLE_IDENTIFIER = "hannah.MyJuice-HSTests";
				PRODUCT_NAME = "$(TARGET_NAME)";
				SWIFT_VERSION = 3.0;
				TEST_HOST = "$(BUILT_PRODUCTS_DIR)/MyJuice_HS.app/MyJuice_HS";
			};
			name = Debug;
		};
		3F91A6F01E9856BA008FFBE8 /* Release */ = {
			isa = XCBuildConfiguration;
			buildSettings = {
				ALWAYS_EMBED_SWIFT_STANDARD_LIBRARIES = YES;
				BUNDLE_LOADER = "$(TEST_HOST)";
				INFOPLIST_FILE = MyJuice_HSTests/Info.plist;
				LD_RUNPATH_SEARCH_PATHS = "$(inherited) @executable_path/Frameworks @loader_path/Frameworks";
				PRODUCT_BUNDLE_IDENTIFIER = "hannah.MyJuice-HSTests";
				PRODUCT_NAME = "$(TARGET_NAME)";
				SWIFT_VERSION = 3.0;
				TEST_HOST = "$(BUILT_PRODUCTS_DIR)/MyJuice_HS.app/MyJuice_HS";
			};
			name = Release;
		};
/* End XCBuildConfiguration section */

/* Begin XCConfigurationList section */
		3F91A6C91E9856BA008FFBE8 /* Build configuration list for PBXProject "MyJuice_HS" */ = {
			isa = XCConfigurationList;
			buildConfigurations = (
				3F91A6E91E9856BA008FFBE8 /* Debug */,
				3F91A6EA1E9856BA008FFBE8 /* Release */,
			);
			defaultConfigurationIsVisible = 0;
			defaultConfigurationName = Release;
		};
		3F91A6EB1E9856BA008FFBE8 /* Build configuration list for PBXNativeTarget "MyJuice_HS" */ = {
			isa = XCConfigurationList;
			buildConfigurations = (
				3F91A6EC1E9856BA008FFBE8 /* Debug */,
				3F91A6ED1E9856BA008FFBE8 /* Release */,
			);
			defaultConfigurationIsVisible = 0;
			defaultConfigurationName = Release;
		};
		3F91A6EE1E9856BA008FFBE8 /* Build configuration list for PBXNativeTarget "MyJuice_HSTests" */ = {
			isa = XCConfigurationList;
			buildConfigurations = (
				3F91A6EF1E9856BA008FFBE8 /* Debug */,
				3F91A6F01E9856BA008FFBE8 /* Release */,
			);
			defaultConfigurationIsVisible = 0;
			defaultConfigurationName = Release;
		};
/* End XCConfigurationList section */
	};
	rootObject = 3F91A6C61E9856BA008FFBE8 /* Project object */;
}
